// !$*UTF8*$!
{
	archiveVersion = 1;
	classes = {
	};
	objectVersion = 46;
	objects = {

/* Begin PBXBuildFile section */
		6650F1081E0605390066C225 /* Parser+Statement.swift in Sources */ = {isa = PBXBuildFile; fileRef = 6650F1071E0605390066C225 /* Parser+Statement.swift */; };
		6650F1091E0605F60066C225 /* Parser+Statement.swift in Sources */ = {isa = PBXBuildFile; fileRef = 6650F1071E0605390066C225 /* Parser+Statement.swift */; };
		6650F10D1E0606860066C225 /* ParserExpressionTests.swift in Sources */ = {isa = PBXBuildFile; fileRef = 6650F10C1E0606860066C225 /* ParserExpressionTests.swift */; };
		6650F10F1E060AFB0066C225 /* ParserTestHelpers.swift in Sources */ = {isa = PBXBuildFile; fileRef = 6650F10E1E060AFB0066C225 /* ParserTestHelpers.swift */; };
		6650F1131E062A520066C225 /* ParserStatementTests.swift in Sources */ = {isa = PBXBuildFile; fileRef = 6650F1121E062A520066C225 /* ParserStatementTests.swift */; };
		6650F1151E0647490066C225 /* Parser+CodeBlock.swift in Sources */ = {isa = PBXBuildFile; fileRef = 6650F1141E0647490066C225 /* Parser+CodeBlock.swift */; };
		6650F1161E0648170066C225 /* Parser+CodeBlock.swift in Sources */ = {isa = PBXBuildFile; fileRef = 6650F1141E0647490066C225 /* Parser+CodeBlock.swift */; };
		6650F1181E064CB30066C225 /* ParserCodeBlockTests.swift in Sources */ = {isa = PBXBuildFile; fileRef = 6650F1171E064CB30066C225 /* ParserCodeBlockTests.swift */; };
		66B259531E04E3CF008D8AC1 /* AST+Description.swift in Sources */ = {isa = PBXBuildFile; fileRef = 66B615C11DFE1BE800FA2649 /* AST+Description.swift */; };
		66B615AB1DFD071B00FA2649 /* Parser.swift in Sources */ = {isa = PBXBuildFile; fileRef = 66B615AA1DFD071B00FA2649 /* Parser.swift */; };
		66B615AE1DFD0B0E00FA2649 /* AST.swift in Sources */ = {isa = PBXBuildFile; fileRef = 66B615AD1DFD0B0E00FA2649 /* AST.swift */; };
		66B615B01DFD0B4F00FA2649 /* ParserInput.swift in Sources */ = {isa = PBXBuildFile; fileRef = 66B615AF1DFD0B4F00FA2649 /* ParserInput.swift */; };
		66B615B21DFD0CFB00FA2649 /* Parser+Expression.swift in Sources */ = {isa = PBXBuildFile; fileRef = 66B615B11DFD0CFB00FA2649 /* Parser+Expression.swift */; };
		66B615B61DFD0E8300FA2649 /* BinaryOperator.swift in Sources */ = {isa = PBXBuildFile; fileRef = 66B615B51DFD0E8300FA2649 /* BinaryOperator.swift */; };
		66B615B81DFD351700FA2649 /* ParserTests.swift in Sources */ = {isa = PBXBuildFile; fileRef = 66B615B71DFD351700FA2649 /* ParserTests.swift */; };
		66B615BB1DFDDD3400FA2649 /* BinaryOperator.swift in Sources */ = {isa = PBXBuildFile; fileRef = 66B615B51DFD0E8300FA2649 /* BinaryOperator.swift */; };
		66B615BC1DFDDD3700FA2649 /* AST.swift in Sources */ = {isa = PBXBuildFile; fileRef = 66B615AD1DFD0B0E00FA2649 /* AST.swift */; };
		66B615BE1DFDDD4100FA2649 /* Parser.swift in Sources */ = {isa = PBXBuildFile; fileRef = 66B615AA1DFD071B00FA2649 /* Parser.swift */; };
		66B615BF1DFDDD4100FA2649 /* Parser+Expression.swift in Sources */ = {isa = PBXBuildFile; fileRef = 66B615B11DFD0CFB00FA2649 /* Parser+Expression.swift */; };
		66B615C01DFDDD4100FA2649 /* ParserInput.swift in Sources */ = {isa = PBXBuildFile; fileRef = 66B615AF1DFD0B4F00FA2649 /* ParserInput.swift */; };
		66B615C21DFE1BE800FA2649 /* AST+Description.swift in Sources */ = {isa = PBXBuildFile; fileRef = 66B615C11DFE1BE800FA2649 /* AST+Description.swift */; };
		66DB70E51DF8FD2E00FF3A5B /* main.swift in Sources */ = {isa = PBXBuildFile; fileRef = 66DB70E41DF8FD2E00FF3A5B /* main.swift */; };
		66DB70ED1DF900A000FF3A5B /* Lexer.swift in Sources */ = {isa = PBXBuildFile; fileRef = 66DB70EC1DF900A000FF3A5B /* Lexer.swift */; };
		66DB70EF1DF900D200FF3A5B /* LexerInput.swift in Sources */ = {isa = PBXBuildFile; fileRef = 66DB70EE1DF900D200FF3A5B /* LexerInput.swift */; };
		66DB70F11DF902A700FF3A5B /* Token.swift in Sources */ = {isa = PBXBuildFile; fileRef = 66DB70F01DF902A700FF3A5B /* Token.swift */; };
		66DB70F91DF9062800FF3A5B /* LexerTests.swift in Sources */ = {isa = PBXBuildFile; fileRef = 66DB70F81DF9062800FF3A5B /* LexerTests.swift */; };
		66DB70FE1DF90B6E00FF3A5B /* Lexer.swift in Sources */ = {isa = PBXBuildFile; fileRef = 66DB70EC1DF900A000FF3A5B /* Lexer.swift */; };
		66DB70FF1DF90B6E00FF3A5B /* LexerInput.swift in Sources */ = {isa = PBXBuildFile; fileRef = 66DB70EE1DF900D200FF3A5B /* LexerInput.swift */; };
		66DB71001DF90B6E00FF3A5B /* Token.swift in Sources */ = {isa = PBXBuildFile; fileRef = 66DB70F01DF902A700FF3A5B /* Token.swift */; };
/* End PBXBuildFile section */

/* Begin PBXCopyFilesBuildPhase section */
		66DB70DF1DF8FD2E00FF3A5B /* CopyFiles */ = {
			isa = PBXCopyFilesBuildPhase;
			buildActionMask = 2147483647;
			dstPath = /usr/share/man/man1/;
			dstSubfolderSpec = 0;
			files = (
			);
			runOnlyForDeploymentPostprocessing = 1;
		};
/* End PBXCopyFilesBuildPhase section */

/* Begin PBXFileReference section */
		6650F1071E0605390066C225 /* Parser+Statement.swift */ = {isa = PBXFileReference; fileEncoding = 4; lastKnownFileType = sourcecode.swift; path = "Parser+Statement.swift"; sourceTree = "<group>"; };
		6650F10C1E0606860066C225 /* ParserExpressionTests.swift */ = {isa = PBXFileReference; fileEncoding = 4; lastKnownFileType = sourcecode.swift; path = ParserExpressionTests.swift; sourceTree = "<group>"; };
		6650F10E1E060AFB0066C225 /* ParserTestHelpers.swift */ = {isa = PBXFileReference; fileEncoding = 4; lastKnownFileType = sourcecode.swift; path = ParserTestHelpers.swift; sourceTree = "<group>"; };
		6650F1121E062A520066C225 /* ParserStatementTests.swift */ = {isa = PBXFileReference; fileEncoding = 4; lastKnownFileType = sourcecode.swift; path = ParserStatementTests.swift; sourceTree = "<group>"; };
		6650F1141E0647490066C225 /* Parser+CodeBlock.swift */ = {isa = PBXFileReference; fileEncoding = 4; lastKnownFileType = sourcecode.swift; path = "Parser+CodeBlock.swift"; sourceTree = "<group>"; };
		6650F1171E064CB30066C225 /* ParserCodeBlockTests.swift */ = {isa = PBXFileReference; fileEncoding = 4; lastKnownFileType = sourcecode.swift; path = ParserCodeBlockTests.swift; sourceTree = "<group>"; };
		66B615AA1DFD071B00FA2649 /* Parser.swift */ = {isa = PBXFileReference; fileEncoding = 4; lastKnownFileType = sourcecode.swift; path = Parser.swift; sourceTree = "<group>"; };
		66B615AD1DFD0B0E00FA2649 /* AST.swift */ = {isa = PBXFileReference; fileEncoding = 4; lastKnownFileType = sourcecode.swift; path = AST.swift; sourceTree = "<group>"; };
		66B615AF1DFD0B4F00FA2649 /* ParserInput.swift */ = {isa = PBXFileReference; fileEncoding = 4; lastKnownFileType = sourcecode.swift; path = ParserInput.swift; sourceTree = "<group>"; };
		66B615B11DFD0CFB00FA2649 /* Parser+Expression.swift */ = {isa = PBXFileReference; fileEncoding = 4; lastKnownFileType = sourcecode.swift; path = "Parser+Expression.swift"; sourceTree = "<group>"; };
		66B615B51DFD0E8300FA2649 /* BinaryOperator.swift */ = {isa = PBXFileReference; fileEncoding = 4; lastKnownFileType = sourcecode.swift; path = BinaryOperator.swift; sourceTree = "<group>"; };
		66B615B71DFD351700FA2649 /* ParserTests.swift */ = {isa = PBXFileReference; fileEncoding = 4; lastKnownFileType = sourcecode.swift; path = ParserTests.swift; sourceTree = "<group>"; };
		66B615C11DFE1BE800FA2649 /* AST+Description.swift */ = {isa = PBXFileReference; fileEncoding = 4; lastKnownFileType = sourcecode.swift; path = "AST+Description.swift"; sourceTree = "<group>"; };
		66DB70E11DF8FD2E00FF3A5B /* Daft */ = {isa = PBXFileReference; explicitFileType = "compiled.mach-o.executable"; includeInIndex = 0; path = Daft; sourceTree = BUILT_PRODUCTS_DIR; };
		66DB70E41DF8FD2E00FF3A5B /* main.swift */ = {isa = PBXFileReference; lastKnownFileType = sourcecode.swift; path = main.swift; sourceTree = "<group>"; };
		66DB70EC1DF900A000FF3A5B /* Lexer.swift */ = {isa = PBXFileReference; fileEncoding = 4; lastKnownFileType = sourcecode.swift; path = Lexer.swift; sourceTree = "<group>"; };
		66DB70EE1DF900D200FF3A5B /* LexerInput.swift */ = {isa = PBXFileReference; fileEncoding = 4; lastKnownFileType = sourcecode.swift; path = LexerInput.swift; sourceTree = "<group>"; };
		66DB70F01DF902A700FF3A5B /* Token.swift */ = {isa = PBXFileReference; fileEncoding = 4; lastKnownFileType = sourcecode.swift; path = Token.swift; sourceTree = "<group>"; };
		66DB70F61DF9062800FF3A5B /* DaftTests.xctest */ = {isa = PBXFileReference; explicitFileType = wrapper.cfbundle; includeInIndex = 0; path = DaftTests.xctest; sourceTree = BUILT_PRODUCTS_DIR; };
		66DB70F81DF9062800FF3A5B /* LexerTests.swift */ = {isa = PBXFileReference; lastKnownFileType = sourcecode.swift; path = LexerTests.swift; sourceTree = "<group>"; };
		66DB70FA1DF9062800FF3A5B /* Info.plist */ = {isa = PBXFileReference; lastKnownFileType = text.plist.xml; path = Info.plist; sourceTree = "<group>"; };
/* End PBXFileReference section */

/* Begin PBXFrameworksBuildPhase section */
		66DB70DE1DF8FD2E00FF3A5B /* Frameworks */ = {
			isa = PBXFrameworksBuildPhase;
			buildActionMask = 2147483647;
			files = (
			);
			runOnlyForDeploymentPostprocessing = 0;
		};
		66DB70F31DF9062800FF3A5B /* Frameworks */ = {
			isa = PBXFrameworksBuildPhase;
			buildActionMask = 2147483647;
			files = (
			);
			runOnlyForDeploymentPostprocessing = 0;
		};
/* End PBXFrameworksBuildPhase section */

/* Begin PBXGroup section */
		6650F10A1E0606080066C225 /* Lexer */ = {
			isa = PBXGroup;
			children = (
				66DB70F81DF9062800FF3A5B /* LexerTests.swift */,
			);
			name = Lexer;
			sourceTree = "<group>";
		};
		6650F10B1E06060F0066C225 /* Parser */ = {
			isa = PBXGroup;
			children = (
				66B615B71DFD351700FA2649 /* ParserTests.swift */,
				6650F1171E064CB30066C225 /* ParserCodeBlockTests.swift */,
				6650F1121E062A520066C225 /* ParserStatementTests.swift */,
				6650F10C1E0606860066C225 /* ParserExpressionTests.swift */,
				6650F10E1E060AFB0066C225 /* ParserTestHelpers.swift */,
			);
			name = Parser;
			sourceTree = "<group>";
		};
		66B615AC1DFD071F00FA2649 /* Parser */ = {
			isa = PBXGroup;
			children = (
				66B615AA1DFD071B00FA2649 /* Parser.swift */,
				6650F1141E0647490066C225 /* Parser+CodeBlock.swift */,
				6650F1071E0605390066C225 /* Parser+Statement.swift */,
				66B615B11DFD0CFB00FA2649 /* Parser+Expression.swift */,
				66B615AF1DFD0B4F00FA2649 /* ParserInput.swift */,
			);
			name = Parser;
			sourceTree = "<group>";
		};
		66B615B41DFD0E6300FA2649 /* Common */ = {
			isa = PBXGroup;
			children = (
				66DB70F01DF902A700FF3A5B /* Token.swift */,
				66B615AD1DFD0B0E00FA2649 /* AST.swift */,
				66B615C11DFE1BE800FA2649 /* AST+Description.swift */,
				66B615B51DFD0E8300FA2649 /* BinaryOperator.swift */,
			);
			name = Common;
			sourceTree = "<group>";
		};
		66DB70D81DF8FD2E00FF3A5B = {
			isa = PBXGroup;
			children = (
				66DB70E31DF8FD2E00FF3A5B /* Daft */,
				66DB70F71DF9062800FF3A5B /* DaftTests */,
				66DB70E21DF8FD2E00FF3A5B /* Products */,
			);
			sourceTree = "<group>";
		};
		66DB70E21DF8FD2E00FF3A5B /* Products */ = {
			isa = PBXGroup;
			children = (
				66DB70E11DF8FD2E00FF3A5B /* Daft */,
				66DB70F61DF9062800FF3A5B /* DaftTests.xctest */,
			);
			name = Products;
			sourceTree = "<group>";
		};
		66DB70E31DF8FD2E00FF3A5B /* Daft */ = {
			isa = PBXGroup;
			children = (
				66B615B41DFD0E6300FA2649 /* Common */,
				66DB70EB1DF9008E00FF3A5B /* Lexer */,
				66B615AC1DFD071F00FA2649 /* Parser */,
				66DB70E41DF8FD2E00FF3A5B /* main.swift */,
			);
			path = Daft;
			sourceTree = "<group>";
		};
		66DB70EB1DF9008E00FF3A5B /* Lexer */ = {
			isa = PBXGroup;
			children = (
				66DB70EC1DF900A000FF3A5B /* Lexer.swift */,
				66DB70EE1DF900D200FF3A5B /* LexerInput.swift */,
			);
			name = Lexer;
			sourceTree = "<group>";
		};
		66DB70F71DF9062800FF3A5B /* DaftTests */ = {
			isa = PBXGroup;
			children = (
				6650F10A1E0606080066C225 /* Lexer */,
				6650F10B1E06060F0066C225 /* Parser */,
				66DB70FA1DF9062800FF3A5B /* Info.plist */,
			);
			path = DaftTests;
			sourceTree = "<group>";
		};
/* End PBXGroup section */

/* Begin PBXNativeTarget section */
		66DB70E01DF8FD2E00FF3A5B /* Daft */ = {
			isa = PBXNativeTarget;
			buildConfigurationList = 66DB70E81DF8FD2E00FF3A5B /* Build configuration list for PBXNativeTarget "Daft" */;
			buildPhases = (
				66DB70DD1DF8FD2E00FF3A5B /* Sources */,
				66DB70DE1DF8FD2E00FF3A5B /* Frameworks */,
				66DB70DF1DF8FD2E00FF3A5B /* CopyFiles */,
			);
			buildRules = (
			);
			dependencies = (
			);
			name = Daft;
			productName = Daft;
			productReference = 66DB70E11DF8FD2E00FF3A5B /* Daft */;
			productType = "com.apple.product-type.tool";
		};
		66DB70F51DF9062800FF3A5B /* DaftTests */ = {
			isa = PBXNativeTarget;
			buildConfigurationList = 66DB70FB1DF9062800FF3A5B /* Build configuration list for PBXNativeTarget "DaftTests" */;
			buildPhases = (
				66DB70F21DF9062800FF3A5B /* Sources */,
				66DB70F31DF9062800FF3A5B /* Frameworks */,
				66DB70F41DF9062800FF3A5B /* Resources */,
			);
			buildRules = (
			);
			dependencies = (
			);
			name = DaftTests;
			productName = DaftTests;
			productReference = 66DB70F61DF9062800FF3A5B /* DaftTests.xctest */;
			productType = "com.apple.product-type.bundle.unit-test";
		};
/* End PBXNativeTarget section */

/* Begin PBXProject section */
		66DB70D91DF8FD2E00FF3A5B /* Project object */ = {
			isa = PBXProject;
			attributes = {
				LastSwiftUpdateCheck = 0810;
				LastUpgradeCheck = 0820;
				ORGANIZATIONNAME = "Adam Shin";
				TargetAttributes = {
					66DB70E01DF8FD2E00FF3A5B = {
						CreatedOnToolsVersion = 8.1;
						DevelopmentTeam = 56ENZLRZN2;
						ProvisioningStyle = Automatic;
					};
					66DB70F51DF9062800FF3A5B = {
						CreatedOnToolsVersion = 8.1;
						DevelopmentTeam = 56ENZLRZN2;
						ProvisioningStyle = Automatic;
					};
				};
			};
			buildConfigurationList = 66DB70DC1DF8FD2E00FF3A5B /* Build configuration list for PBXProject "Daft" */;
			compatibilityVersion = "Xcode 3.2";
			developmentRegion = English;
			hasScannedForEncodings = 0;
			knownRegions = (
				en,
			);
			mainGroup = 66DB70D81DF8FD2E00FF3A5B;
			productRefGroup = 66DB70E21DF8FD2E00FF3A5B /* Products */;
			projectDirPath = "";
			projectRoot = "";
			targets = (
				66DB70E01DF8FD2E00FF3A5B /* Daft */,
				66DB70F51DF9062800FF3A5B /* DaftTests */,
			);
		};
/* End PBXProject section */

/* Begin PBXResourcesBuildPhase section */
		66DB70F41DF9062800FF3A5B /* Resources */ = {
			isa = PBXResourcesBuildPhase;
			buildActionMask = 2147483647;
			files = (
			);
			runOnlyForDeploymentPostprocessing = 0;
		};
/* End PBXResourcesBuildPhase section */

/* Begin PBXSourcesBuildPhase section */
		66DB70DD1DF8FD2E00FF3A5B /* Sources */ = {
			isa = PBXSourcesBuildPhase;
			buildActionMask = 2147483647;
			files = (
				66B615AE1DFD0B0E00FA2649 /* AST.swift in Sources */,
				66DB70EF1DF900D200FF3A5B /* LexerInput.swift in Sources */,
				66B615B21DFD0CFB00FA2649 /* Parser+Expression.swift in Sources */,
				66DB70ED1DF900A000FF3A5B /* Lexer.swift in Sources */,
				66B615B01DFD0B4F00FA2649 /* ParserInput.swift in Sources */,
				66B615AB1DFD071B00FA2649 /* Parser.swift in Sources */,
				66DB70E51DF8FD2E00FF3A5B /* main.swift in Sources */,
				6650F1081E0605390066C225 /* Parser+Statement.swift in Sources */,
				66B615C21DFE1BE800FA2649 /* AST+Description.swift in Sources */,
				66DB70F11DF902A700FF3A5B /* Token.swift in Sources */,
				66B615B61DFD0E8300FA2649 /* BinaryOperator.swift in Sources */,
				6650F1151E0647490066C225 /* Parser+CodeBlock.swift in Sources */,
			);
			runOnlyForDeploymentPostprocessing = 0;
		};
		66DB70F21DF9062800FF3A5B /* Sources */ = {
			isa = PBXSourcesBuildPhase;
			buildActionMask = 2147483647;
			files = (
				6650F10D1E0606860066C225 /* ParserExpressionTests.swift in Sources */,
				6650F1181E064CB30066C225 /* ParserCodeBlockTests.swift in Sources */,
				66B615BF1DFDDD4100FA2649 /* Parser+Expression.swift in Sources */,
				6650F10F1E060AFB0066C225 /* ParserTestHelpers.swift in Sources */,
				66DB70FF1DF90B6E00FF3A5B /* LexerInput.swift in Sources */,
				66B615BC1DFDDD3700FA2649 /* AST.swift in Sources */,
				66DB70FE1DF90B6E00FF3A5B /* Lexer.swift in Sources */,
				66B615BB1DFDDD3400FA2649 /* BinaryOperator.swift in Sources */,
				66B615C01DFDDD4100FA2649 /* ParserInput.swift in Sources */,
				66B615B81DFD351700FA2649 /* ParserTests.swift in Sources */,
				66B615BE1DFDDD4100FA2649 /* Parser.swift in Sources */,
				66DB70F91DF9062800FF3A5B /* LexerTests.swift in Sources */,
				6650F1131E062A520066C225 /* ParserStatementTests.swift in Sources */,
				66B259531E04E3CF008D8AC1 /* AST+Description.swift in Sources */,
				6650F1091E0605F60066C225 /* Parser+Statement.swift in Sources */,
				66DB71001DF90B6E00FF3A5B /* Token.swift in Sources */,
				6650F1161E0648170066C225 /* Parser+CodeBlock.swift in Sources */,
			);
			runOnlyForDeploymentPostprocessing = 0;
		};
/* End PBXSourcesBuildPhase section */

/* Begin XCBuildConfiguration section */
		66DB70E61DF8FD2E00FF3A5B /* Debug */ = {
			isa = XCBuildConfiguration;
			buildSettings = {
				ALWAYS_SEARCH_USER_PATHS = NO;
				CLANG_ANALYZER_NONNULL = YES;
				CLANG_CXX_LANGUAGE_STANDARD = "gnu++0x";
				CLANG_CXX_LIBRARY = "libc++";
				CLANG_ENABLE_MODULES = YES;
				CLANG_ENABLE_OBJC_ARC = YES;
				CLANG_WARN_BOOL_CONVERSION = YES;
				CLANG_WARN_CONSTANT_CONVERSION = YES;
				CLANG_WARN_DIRECT_OBJC_ISA_USAGE = YES_ERROR;
				CLANG_WARN_DOCUMENTATION_COMMENTS = YES;
				CLANG_WARN_EMPTY_BODY = YES;
				CLANG_WARN_ENUM_CONVERSION = YES;
				CLANG_WARN_INFINITE_RECURSION = YES;
				CLANG_WARN_INT_CONVERSION = YES;
				CLANG_WARN_OBJC_ROOT_CLASS = YES_ERROR;
				CLANG_WARN_SUSPICIOUS_MOVE = YES;
				CLANG_WARN_SUSPICIOUS_MOVES = YES;
				CLANG_WARN_UNREACHABLE_CODE = YES;
				CLANG_WARN__DUPLICATE_METHOD_MATCH = YES;
				CODE_SIGN_IDENTITY = "-";
				COPY_PHASE_STRIP = NO;
				DEBUG_INFORMATION_FORMAT = dwarf;
				ENABLE_STRICT_OBJC_MSGSEND = YES;
				ENABLE_TESTABILITY = YES;
				GCC_C_LANGUAGE_STANDARD = gnu99;
				GCC_DYNAMIC_NO_PIC = NO;
				GCC_NO_COMMON_BLOCKS = YES;
				GCC_OPTIMIZATION_LEVEL = 0;
				GCC_PREPROCESSOR_DEFINITIONS = (
					"DEBUG=1",
					"$(inherited)",
				);
				GCC_WARN_64_TO_32_BIT_CONVERSION = YES;
				GCC_WARN_ABOUT_RETURN_TYPE = YES_ERROR;
				GCC_WARN_UNDECLARED_SELECTOR = YES;
				GCC_WARN_UNINITIALIZED_AUTOS = YES_AGGRESSIVE;
				GCC_WARN_UNUSED_FUNCTION = YES;
				GCC_WARN_UNUSED_VARIABLE = YES;
				MACOSX_DEPLOYMENT_TARGET = 10.12;
				MTL_ENABLE_DEBUG_INFO = YES;
				ONLY_ACTIVE_ARCH = YES;
				SDKROOT = macosx;
				SWIFT_OPTIMIZATION_LEVEL = "-Onone";
			};
			name = Debug;
		};
		66DB70E71DF8FD2E00FF3A5B /* Release */ = {
			isa = XCBuildConfiguration;
			buildSettings = {
				ALWAYS_SEARCH_USER_PATHS = NO;
				CLANG_ANALYZER_NONNULL = YES;
				CLANG_CXX_LANGUAGE_STANDARD = "gnu++0x";
				CLANG_CXX_LIBRARY = "libc++";
				CLANG_ENABLE_MODULES = YES;
				CLANG_ENABLE_OBJC_ARC = YES;
				CLANG_WARN_BOOL_CONVERSION = YES;
				CLANG_WARN_CONSTANT_CONVERSION = YES;
				CLANG_WARN_DIRECT_OBJC_ISA_USAGE = YES_ERROR;
				CLANG_WARN_DOCUMENTATION_COMMENTS = YES;
				CLANG_WARN_EMPTY_BODY = YES;
				CLANG_WARN_ENUM_CONVERSION = YES;
				CLANG_WARN_INFINITE_RECURSION = YES;
				CLANG_WARN_INT_CONVERSION = YES;
				CLANG_WARN_OBJC_ROOT_CLASS = YES_ERROR;
				CLANG_WARN_SUSPICIOUS_MOVE = YES;
				CLANG_WARN_SUSPICIOUS_MOVES = YES;
				CLANG_WARN_UNREACHABLE_CODE = YES;
				CLANG_WARN__DUPLICATE_METHOD_MATCH = YES;
				CODE_SIGN_IDENTITY = "-";
				COPY_PHASE_STRIP = NO;
				DEBUG_INFORMATION_FORMAT = "dwarf-with-dsym";
				ENABLE_NS_ASSERTIONS = NO;
				ENABLE_STRICT_OBJC_MSGSEND = YES;
				GCC_C_LANGUAGE_STANDARD = gnu99;
				GCC_NO_COMMON_BLOCKS = YES;
				GCC_WARN_64_TO_32_BIT_CONVERSION = YES;
				GCC_WARN_ABOUT_RETURN_TYPE = YES_ERROR;
				GCC_WARN_UNDECLARED_SELECTOR = YES;
				GCC_WARN_UNINITIALIZED_AUTOS = YES_AGGRESSIVE;
				GCC_WARN_UNUSED_FUNCTION = YES;
				GCC_WARN_UNUSED_VARIABLE = YES;
				MACOSX_DEPLOYMENT_TARGET = 10.12;
				MTL_ENABLE_DEBUG_INFO = NO;
				SDKROOT = macosx;
				SWIFT_OPTIMIZATION_LEVEL = "-Owholemodule";
			};
			name = Release;
		};
		66DB70E91DF8FD2E00FF3A5B /* Debug */ = {
			isa = XCBuildConfiguration;
			buildSettings = {
				DEVELOPMENT_TEAM = 56ENZLRZN2;
				PRODUCT_NAME = "$(TARGET_NAME)";
				SWIFT_VERSION = 3.0;
			};
			name = Debug;
		};
		66DB70EA1DF8FD2E00FF3A5B /* Release */ = {
			isa = XCBuildConfiguration;
			buildSettings = {
				DEVELOPMENT_TEAM = 56ENZLRZN2;
				PRODUCT_NAME = "$(TARGET_NAME)";
				SWIFT_VERSION = 3.0;
			};
			name = Release;
		};
		66DB70FC1DF9062800FF3A5B /* Debug */ = {
			isa = XCBuildConfiguration;
			buildSettings = {
				COMBINE_HIDPI_IMAGES = YES;
				DEVELOPMENT_TEAM = 56ENZLRZN2;
				INFOPLIST_FILE = DaftTests/Info.plist;
				LD_RUNPATH_SEARCH_PATHS = "$(inherited) @executable_path/../Frameworks @loader_path/../Frameworks";
				PRODUCT_BUNDLE_IDENTIFIER = com.adamshin.DaftTests;
				PRODUCT_NAME = "$(TARGET_NAME)";
				SWIFT_ACTIVE_COMPILATION_CONDITIONS = DEBUG;
				SWIFT_VERSION = 3.0;
			};
			name = Debug;
		};
		66DB70FD1DF9062800FF3A5B /* Release */ = {
			isa = XCBuildConfiguration;
			buildSettings = {
				COMBINE_HIDPI_IMAGES = YES;
				DEVELOPMENT_TEAM = 56ENZLRZN2;
				INFOPLIST_FILE = DaftTests/Info.plist;
				LD_RUNPATH_SEARCH_PATHS = "$(inherited) @executable_path/../Frameworks @loader_path/../Frameworks";
				PRODUCT_BUNDLE_IDENTIFIER = com.adamshin.DaftTests;
				PRODUCT_NAME = "$(TARGET_NAME)";
				SWIFT_OPTIMIZATION_LEVEL = "-Owholemodule";
				SWIFT_VERSION = 3.0;
			};
			name = Release;
		};
/* End XCBuildConfiguration section */

/* Begin XCConfigurationList section */
		66DB70DC1DF8FD2E00FF3A5B /* Build configuration list for PBXProject "Daft" */ = {
			isa = XCConfigurationList;
			buildConfigurations = (
				66DB70E61DF8FD2E00FF3A5B /* Debug */,
				66DB70E71DF8FD2E00FF3A5B /* Release */,
			);
			defaultConfigurationIsVisible = 0;
			defaultConfigurationName = Release;
		};
		66DB70E81DF8FD2E00FF3A5B /* Build configuration list for PBXNativeTarget "Daft" */ = {
			isa = XCConfigurationList;
			buildConfigurations = (
				66DB70E91DF8FD2E00FF3A5B /* Debug */,
				66DB70EA1DF8FD2E00FF3A5B /* Release */,
			);
			defaultConfigurationIsVisible = 0;
			defaultConfigurationName = Release;
		};
		66DB70FB1DF9062800FF3A5B /* Build configuration list for PBXNativeTarget "DaftTests" */ = {
			isa = XCConfigurationList;
			buildConfigurations = (
				66DB70FC1DF9062800FF3A5B /* Debug */,
				66DB70FD1DF9062800FF3A5B /* Release */,
			);
			defaultConfigurationIsVisible = 0;
			defaultConfigurationName = Release;
		};
/* End XCConfigurationList section */
	};
	rootObject = 66DB70D91DF8FD2E00FF3A5B /* Project object */;
}
